<Project xmlns="http://schemas.microsoft.com/developer/msbuild/2003">
  <PropertyGroup>
    <ProjectGuid>{282f7ba5-3167-4fd7-b0d3-e69e208f8a1e}</ProjectGuid>
    <MainSource>repmandxp.dpr</MainSource>
    <Configuration Condition=" '$(Configuration)' == '' ">Debug</Configuration>
    <Platform Condition=" '$(Platform)' == '' ">AnyCPU</Platform>
    <DCC_DCCCompiler>DCC32</DCC_DCCCompiler>
    <DCC_DependencyCheckOutputName>repmandxp.ESN</DCC_DependencyCheckOutputName>
  </PropertyGroup>
  <PropertyGroup Condition=" '$(Configuration)|$(Platform)' == 'Release|AnyCPU' ">
    <Version>7.0</Version>
    <DCC_DebugInformation>False</DCC_DebugInformation>
    <DCC_LocalDebugSymbols>False</DCC_LocalDebugSymbols>
    <DCC_SymbolReferenceInfo>0</DCC_SymbolReferenceInfo>
    <DCC_Define>RELEASE</DCC_Define>
  </PropertyGroup>
  <PropertyGroup Condition=" '$(Configuration)|$(Platform)' == 'Debug|AnyCPU' ">
    <Version>7.0</Version>
    <DCC_Define>DEBUG</DCC_Define>
  </PropertyGroup>
  <ProjectExtensions>
    <Borland.Personality>Delphi.Personality</Borland.Personality>
    <Borland.ProjectType>VCLApplication</Borland.ProjectType>
    <BorlandProject>
<BorlandProject xmlns=""> <Delphi.Personality>   <Parameters>
      <Parameters Name="UseLauncher">False</Parameters>
      <Parameters Name="LoadAllSymbols">True</Parameters>
      <Parameters Name="LoadUnspecifiedSymbols">False</Parameters>
    </Parameters>
    <VersionInfo>
      <VersionInfo Name="IncludeVerInfo">True</VersionInfo>
      <VersionInfo Name="AutoIncBuild">False</VersionInfo>
      <VersionInfo Name="MajorVer">1</VersionInfo>
      <VersionInfo Name="MinorVer">0</VersionInfo>
      <VersionInfo Name="Release">0</VersionInfo>
      <VersionInfo Name="Build">0</VersionInfo>
      <VersionInfo Name="Debug">False</VersionInfo>
      <VersionInfo Name="PreRelease">False</VersionInfo>
      <VersionInfo Name="Special">False</VersionInfo>
      <VersionInfo Name="Private">False</VersionInfo>
      <VersionInfo Name="DLL">False</VersionInfo>
      <VersionInfo Name="Locale">3082</VersionInfo>
      <VersionInfo Name="CodePage">1252</VersionInfo>
    </VersionInfo>
    <VersionInfoKeys>
      <VersionInfoKeys Name="CompanyName"></VersionInfoKeys>
      <VersionInfoKeys Name="FileDescription"></VersionInfoKeys>
      <VersionInfoKeys Name="FileVersion">1.0.0.0</VersionInfoKeys>
      <VersionInfoKeys Name="InternalName"></VersionInfoKeys>
      <VersionInfoKeys Name="LegalCopyright"></VersionInfoKeys>
      <VersionInfoKeys Name="LegalTrademarks"></VersionInfoKeys>
      <VersionInfoKeys Name="OriginalFilename"></VersionInfoKeys>
      <VersionInfoKeys Name="ProductName"></VersionInfoKeys>
      <VersionInfoKeys Name="ProductVersion">1.0.0.0</VersionInfoKeys>
      <VersionInfoKeys Name="Comments"></VersionInfoKeys>
    </VersionInfoKeys>
    <Source>
      <Source Name="MainSource">repmandxp.dpr</Source>
    </Source>
  </Delphi.Personality> </BorlandProject></BorlandProject>
  </ProjectExtensions>
  <ItemGroup />
  <ItemGroup>
    <DelphiCompile Include="repmandxp.dpr">
      <MainSource>MainSource</MainSource>
    </DelphiCompile>
    <DCCReference Include="C\prog\toni\cvsroot\reportman\reportman\rpdbbrowservcl.dfm">
      <Form>FRpBrowserVCL</Form>
      <DesignClass>TFrame</DesignClass>
    </DCCReference>
    <DCCReference Include="C\prog\toni\cvsroot\reportman\reportman\rpdbbrowservcl.dfm">
      <DesignClass>TFrame</DesignClass>
      <Form>FRpBrowserVCL</Form>
    </DCCReference>
    <DCCReference Include="C\prog\toni\cvsroot\reportman\reportman\rpdbxconfigvcl.dfm">
      <Form>FRpDBXConfigVCL</Form>
    </DCCReference>
    <DCCReference Include="C\prog\toni\cvsroot\reportman\reportman\rpdbxconfigvcl.dfm">
      <Form>FRpDBXConfigVCL</Form>
    </DCCReference>
    <DCCReference Include="C\prog\toni\cvsroot\reportman\reportman\rpeditconnvcl.dfm">
      <Form>FRpEditConVCL</Form>
    </DCCReference>
    <DCCReference Include="C\prog\toni\cvsroot\reportman\reportman\rpeditconnvcl.dfm">
      <Form>FRpEditConVCL</Form>
    </DCCReference>
    <DCCReference Include="C\prog\toni\cvsroot\reportman\reportman\rpexceldriver.dfm">
      <Form>FRpExcelProgress</Form>
    </DCCReference>
    <DCCReference Include="C\prog\toni\cvsroot\reportman\reportman\rpexceldriver.dfm">
      <Form>FRpExcelProgress</Form>
    </DCCReference>
    <DCCReference Include="C\prog\toni\cvsroot\reportman\reportman\rpexpredlgvcl.dfm">
      <Form>FRpExpredialogVCL</Form>
    </DCCReference>
    <DCCReference Include="C\prog\toni\cvsroot\reportman\reportman\rpexpredlgvcl.dfm">
      <Form>FRpExpredialogVCL</Form>
    </DCCReference>
    <DCCReference Include="C\prog\toni\cvsroot\reportman\reportman\rpfmainmetaviewvcl.dfm">
      <Form>FRpMainMetaVCL</Form>
    </DCCReference>
    <DCCReference Include="C\prog\toni\cvsroot\reportman\reportman\rpfmainmetaviewvcl.dfm">
      <Form>FRpMainMetaVCL</Form>
    </DCCReference>
    <DCCReference Include="C\prog\toni\cvsroot\reportman\reportman\rpfmetaviewvcl.dfm">
      <Form>FRpMetaVCL</Form>
      <DesignClass>TFrame</DesignClass>
    </DCCReference>
    <DCCReference Include="C\prog\toni\cvsroot\reportman\reportman\rpfmetaviewvcl.dfm">
      <DesignClass>TFrame</DesignClass>
      <Form>FRpMetaVCL</Form>
    </DCCReference>
    <DCCReference Include="C\prog\toni\cvsroot\reportman\reportman\rpfparamsvcl.dfm">
      <Form>FRpParamsVCL</Form>
    </DCCReference>
    <DCCReference Include="C\prog\toni\cvsroot\reportman\reportman\rpfparamsvcl.dfm">
      <Form>FRpParamsVCL</Form>
    </DCCReference>
    <DCCReference Include="C\prog\toni\cvsroot\reportman\reportman\rpgdidriver.dfm">
      <Form>FRpVCLProgress</Form>
    </DCCReference>
    <DCCReference Include="C\prog\toni\cvsroot\reportman\reportman\rpgdidriver.dfm">
      <Form>FRpVCLProgress</Form>
    </DCCReference>
    <DCCReference Include="C\prog\toni\cvsroot\reportman\reportman\rpgraphutilsvcl.dfm">
      <Form>FRpMessageDlgVCL</Form>
    </DCCReference>
    <DCCReference Include="C\prog\toni\cvsroot\reportman\reportman\rpgraphutilsvcl.dfm">
      <Form>FRpMessageDlgVCL</Form>
    </DCCReference>
    <DCCReference Include="C\prog\toni\cvsroot\reportman\reportman\rpmdfaboutvcl.dfm">
      <Form>FRpAboutBoxVCL</Form>
    </DCCReference>
    <DCCReference Include="C\prog\toni\cvsroot\reportman\reportman\rpmdfaboutvcl.dfm">
      <Form>FRpAboutBoxVCL</Form>
    </DCCReference>
    <DCCReference Include="C\prog\toni\cvsroot\reportman\reportman\rpmdfconnectionvcl.dfm">
      <Form>FRpConnectionVCL</Form>
      <DesignClass>TFrame</DesignClass>
    </DCCReference>
    <DCCReference Include="C\prog\toni\cvsroot\reportman\reportman\rpmdfconnectionvcl.dfm">
      <DesignClass>TFrame</DesignClass>
      <Form>FRpConnectionVCL</Form>
    </DCCReference>
    <DCCReference Include="C\prog\toni\cvsroot\reportman\reportman\rpmdfdatasetsvcl.dfm">
      <Form>FRpDatasetsVCL</Form>
      <DesignClass>TFrame</DesignClass>
    </DCCReference>
    <DCCReference Include="C\prog\toni\cvsroot\reportman\reportman\rpmdfdatasetsvcl.dfm">
      <DesignClass>TFrame</DesignClass>
      <Form>FRpDatasetsVCL</Form>
    </DCCReference>
    <DCCReference Include="C\prog\toni\cvsroot\reportman\reportman\rpmdfdatatextvcl.dfm">
      <Form>FRpDataTextVCL</Form>
    </DCCReference>
    <DCCReference Include="C\prog\toni\cvsroot\reportman\reportman\rpmdfdatatextvcl.dfm">
      <Form>FRpDataTextVCL</Form>
    </DCCReference>
    <DCCReference Include="C\prog\toni\cvsroot\reportman\reportman\rpmdfdesignvcl.dfm">
      <Form>FRpDesignFrameVCL</Form>
      <DesignClass>TFrame</DesignClass>
    </DCCReference>
    <DCCReference Include="C\prog\toni\cvsroot\reportman\reportman\rpmdfdesignvcl.dfm">
      <DesignClass>TFrame</DesignClass>
      <Form>FRpDesignFrameVCL</Form>
    </DCCReference>
    <DCCReference Include="C\prog\toni\cvsroot\reportman\reportman\rpmdfdinfovcl.dfm">
      <Form>FRpDInfoVCL</Form>
    </DCCReference>
    <DCCReference Include="C\prog\toni\cvsroot\reportman\reportman\rpmdfdinfovcl.dfm">
      <Form>FRpDInfoVCL</Form>
    </DCCReference>
    <DCCReference Include="C\prog\toni\cvsroot\reportman\reportman\rpmdfextsecvcl.dfm">
      <Form>FRpExtSectionVCL</Form>
    </DCCReference>
    <DCCReference Include="C\prog\toni\cvsroot\reportman\reportman\rpmdfextsecvcl.dfm">
      <Form>FRpExtSectionVCL</Form>
    </DCCReference>
    <DCCReference Include="C\prog\toni\cvsroot\reportman\reportman\rpmdfgridvcl.dfm">
      <Form>FRpGridOptionsVCL</Form>
    </DCCReference>
    <DCCReference Include="C\prog\toni\cvsroot\reportman\reportman\rpmdfgridvcl.dfm">
      <Form>FRpGridOptionsVCL</Form>
    </DCCReference>
    <DCCReference Include="C\prog\toni\cvsroot\reportman\reportman\rpmdfmainvcl.dfm">
      <Form>FRpMainFVCL</Form>
    </DCCReference>
    <DCCReference Include="C\prog\toni\cvsroot\reportman\reportman\rpmdfmainvcl.dfm">
      <Form>FRpMainFVCL</Form>
    </DCCReference>
    <DCCReference Include="C\prog\toni\cvsroot\reportman\reportman\rpmdfopenlibvcl.dfm">
      <Form>FRpOpenLibVCL</Form>
    </DCCReference>
    <DCCReference Include="C\prog\toni\cvsroot\reportman\reportman\rpmdfopenlibvcl.dfm">
      <Form>FRpOpenLibVCL</Form>
    </DCCReference>
    <DCCReference Include="C\prog\toni\cvsroot\reportman\reportman\rpmdfsampledatavcl.dfm">
      <Form>FRpShowSampledataVCL</Form>
    </DCCReference>
    <DCCReference Include="C\prog\toni\cvsroot\reportman\reportman\rpmdfsampledatavcl.dfm">
      <Form>FRpShowSampledataVCL</Form>
    </DCCReference>
    <DCCReference Include="C\prog\toni\cvsroot\reportman\reportman\rpmdfsearchvcl.dfm">
      <Form>FRpSearchParamVCL</Form>
    </DCCReference>
    <DCCReference Include="C\prog\toni\cvsroot\reportman\reportman\rpmdfsearchvcl.dfm">
      <Form>FRpSearchParamVCL</Form>
    </DCCReference>
    <DCCReference Include="C\prog\toni\cvsroot\reportman\reportman\rpmdfstrucvcl.dfm">
      <Form>FRpStructureVCL</Form>
      <DesignClass>TFrame</DesignClass>
    </DCCReference>
    <DCCReference Include="C\prog\toni\cvsroot\reportman\reportman\rpmdfstrucvcl.dfm">
      <DesignClass>TFrame</DesignClass>
      <Form>FRpStructureVCL</Form>
    </DCCReference>
    <DCCReference Include="C\prog\toni\cvsroot\reportman\reportman\rpmdftreevcl.dfm">
      <Form>FRpDBTreeVCL</Form>
      <DesignClass>TFrame</DesignClass>
    </DCCReference>
    <DCCReference Include="C\prog\toni\cvsroot\reportman\reportman\rpmdftreevcl.dfm">
      <DesignClass>TFrame</DesignClass>
      <Form>FRpDBTreeVCL</Form>
    </DCCReference>
    <DCCReference Include="C\prog\toni\cvsroot\reportman\reportman\rpmdfwizardvcl.dfm">
      <Form>FRpWizardVCL</Form>
    </DCCReference>
    <DCCReference Include="C\prog\toni\cvsroot\reportman\reportman\rpmdfwizardvcl.dfm">
      <Form>FRpWizardVCL</Form>
    </DCCReference>
    <DCCReference Include="C\prog\toni\cvsroot\reportman\reportman\rpmdobjinspvcl.dfm">
      <Form>FRpObjInspVCL</Form>
      <DesignClass>TFrame</DesignClass>
    </DCCReference>
    <DCCReference Include="C\prog\toni\cvsroot\reportman\reportman\rpmdobjinspvcl.dfm">
      <DesignClass>TFrame</DesignClass>
      <Form>FRpObjInspVCL</Form>
    </DCCReference>
    <DCCReference Include="C\prog\toni\cvsroot\reportman\reportman\rpmdprintconfigvcl.dfm">
      <Form>FRpPrinterConfigVCL</Form>
    </DCCReference>
    <DCCReference Include="C\prog\toni\cvsroot\reportman\reportman\rpmdprintconfigvcl.dfm">
      <Form>FRpPrinterConfigVCL</Form>
    </DCCReference>
    <DCCReference Include="C\prog\toni\cvsroot\reportman\reportman\rpmdsysinfo.dfm">
      <Form>FRpSysInfo</Form>
    </DCCReference>
    <DCCReference Include="C\prog\toni\cvsroot\reportman\reportman\rpmdsysinfo.dfm">
      <Form>FRpSysInfo</Form>
    </DCCReference>
    <DCCReference Include="C\prog\toni\cvsroot\reportman\reportman\rppagesetupvcl.dfm">
      <Form>FRpPageSetupVCL</Form>
    </DCCReference>
    <DCCReference Include="C\prog\toni\cvsroot\reportman\reportman\rppagesetupvcl.dfm">
      <Form>FRpPageSetupVCL</Form>
    </DCCReference>
    <DCCReference Include="C\prog\toni\cvsroot\reportman\reportman\rprfvparams.dfm">
      <Form>FRpRTParams</Form>
    </DCCReference>
    <DCCReference Include="C\prog\toni\cvsroot\reportman\reportman\rprfvparams.dfm">
      <Form>FRpRTParams</Form>
    </DCCReference>
    <DCCReference Include="C\prog\toni\cvsroot\reportman\reportman\rpvpreview.dfm">
      <Form>FRpVPreview</Form>
    </DCCReference>
    <DCCReference Include="C\prog\toni\cvsroot\reportman\reportman\rpvpreview.dfm">
      <Form>FRpVPreview</Form>
    </DCCReference>
    <DCCReference Include="vcl\DBLOGDLG.dfm">
      <ModuleName>Form</ModuleName>
      <Form>LoginDialog</Form>
    </DCCReference>
    <DCCReference Include="vcl\DBLOGDLG.dfm">
      <Form>LoginDialog</Form>
    </DCCReference>
    <DCCReference Include="vcl\DBPWDLG.dfm">
      <ModuleName>Form</ModuleName>
      <Form>PasswordDialog</Form>
    </DCCReference>
    <DCCReference Include="vcl\DBPWDLG.dfm">
      <Form>PasswordDialog</Form>
    </DCCReference>
    <RcCompile Include="repmandxp_DRC.rc">
      <Form>repmandxp_DRC.res</Form>
    </RcCompile>
  </ItemGroup>
  <Import Project="$(MSBuildBinPath)\Borland.Delphi.Targets" />
</Project>